
Microsoft Visual Studio Solution File, Format Version 12.00
# Visual Studio Version 16
VisualStudioVersion = 16.0.30204.135
MinimumVisualStudioVersion = 10.0.40219.1
Project("{FAE04EC0-301F-11D3-BF4B-00C04F79EFBC}") = "CookieClickerBot", "CookieClickerBot\CookieClickerBot.csproj", "{C11614AF-069F-4265-B6D7-228046A70B67}"
EndProject
Global
	GlobalSection(SolutionConfigurationPlatforms) = preSolution
		Debug|Any CPU = Debug|Any CPU
		Release|Any CPU = Release|Any CPU
	EndGlobalSection
	GlobalSection(ProjectConfigurationPlatforms) = postSolution
		{C11614AF-069F-4265-B6D7-228046A70B67}.Debug|Any CPU.ActiveCfg = Debug|Any CPU
		{C11614AF-069F-4265-B6D7-228046A70B67}.Debug|Any CPU.Build.0 = Debug|Any CPU
		{C11614AF-069F-4265-B6D7-228046A70B67}.Release|Any CPU.ActiveCfg = Release|Any CPU
		{C11614AF-069F-4265-B6D7-228046A70B67}.Release|Any CPU.Build.0 = Release|Any CPU
	EndGlobalSection
	GlobalSection(SolutionProperties) = preSolution
		HideSolutionNode = FALSE
	EndGlobalSection
	GlobalSection(ExtensibilityGlobals) = postSolution
		SolutionGuid = {E2FA35C4-EE89-4002-A779-27F3F8A4D5F0}
	EndGlobalSection
EndGlobal
